
Microsoft Visual Studio Solution File, Format Version 12.00
# Visual Studio Version 16
VisualStudioVersion = 16.0.29209.62
MinimumVisualStudioVersion = 10.0.40219.1
Project("{8BC9CEB8-8B4A-11D0-8D11-00A0C91BC942}") = "ExEditPropertyWindowFixer", "ExEditPropertyWindowFixer\ExEditPropertyWindowFixer.vcxproj", "{944F12E9-8BD4-49DC-9A27-D05E7579E5B3}"
EndProject
Project("{8BC9CEB8-8B4A-11D0-8D11-00A0C91BC942}") = "PropertyWindowFixerPlugin", "PropertyWindowFixerPlugin\PropertyWindowFixerPlugin.vcxproj", "{9362D536-A882-4AA7-9774-6DB86682A5D7}"
EndProject
Global
	GlobalSection(SolutionConfigurationPlatforms) = preSolution
		Debug|x64 = Debug|x64
		Debug|x86 = Debug|x86
		Release|x64 = Release|x64
		Release|x86 = Release|x86
	EndGlobalSection
	GlobalSection(ProjectConfigurationPlatforms) = postSolution
		{944F12E9-8BD4-49DC-9A27-D05E7579E5B3}.Debug|x64.ActiveCfg = Debug|x64
		{944F12E9-8BD4-49DC-9A27-D05E7579E5B3}.Debug|x64.Build.0 = Debug|x64
		{944F12E9-8BD4-49DC-9A27-D05E7579E5B3}.Debug|x86.ActiveCfg = Debug|Win32
		{944F12E9-8BD4-49DC-9A27-D05E7579E5B3}.Debug|x86.Build.0 = Debug|Win32
		{944F12E9-8BD4-49DC-9A27-D05E7579E5B3}.Release|x64.ActiveCfg = Release|x64
		{944F12E9-8BD4-49DC-9A27-D05E7579E5B3}.Release|x64.Build.0 = Release|x64
		{944F12E9-8BD4-49DC-9A27-D05E7579E5B3}.Release|x86.ActiveCfg = Release|Win32
		{944F12E9-8BD4-49DC-9A27-D05E7579E5B3}.Release|x86.Build.0 = Release|Win32
		{9362D536-A882-4AA7-9774-6DB86682A5D7}.Debug|x64.ActiveCfg = Debug|x64
		{9362D536-A882-4AA7-9774-6DB86682A5D7}.Debug|x64.Build.0 = Debug|x64
		{9362D536-A882-4AA7-9774-6DB86682A5D7}.Debug|x86.ActiveCfg = Debug|Win32
		{9362D536-A882-4AA7-9774-6DB86682A5D7}.Debug|x86.Build.0 = Debug|Win32
		{9362D536-A882-4AA7-9774-6DB86682A5D7}.Release|x64.ActiveCfg = Release|x64
		{9362D536-A882-4AA7-9774-6DB86682A5D7}.Release|x64.Build.0 = Release|x64
		{9362D536-A882-4AA7-9774-6DB86682A5D7}.Release|x86.ActiveCfg = Release|Win32
		{9362D536-A882-4AA7-9774-6DB86682A5D7}.Release|x86.Build.0 = Release|Win32
	EndGlobalSection
	GlobalSection(SolutionProperties) = preSolution
		HideSolutionNode = FALSE
	EndGlobalSection
	GlobalSection(ExtensibilityGlobals) = postSolution
		SolutionGuid = {E5D163AD-A99B-4617-B3FF-361583FDD842}
	EndGlobalSection
EndGlobal
